
Microsoft Visual Studio Solution File, Format Version 12.00
# Visual Studio Version 16
VisualStudioVersion = 16.0.30804.86
MinimumVisualStudioVersion = 10.0.40219.1
Project("{FAE04EC0-301F-11D3-BF4B-00C04F79EFBC}") = "AzureTest", "AzureTest\AzureTest.csproj", "{198C3DAB-4D90-4E03-B6BE-06084C0B3168}"
EndProject
Project("{FAE04EC0-301F-11D3-BF4B-00C04F79EFBC}") = "AzureUnitTest", "AzureUnitTest\AzureUnitTest.csproj", "{13DEB76C-CBBC-444F-BE19-D744C64B6645}"
EndProject
Global
	GlobalSection(SolutionConfigurationPlatforms) = preSolution
		Debug|Any CPU = Debug|Any CPU
		Release|Any CPU = Release|Any CPU
	EndGlobalSection
	GlobalSection(ProjectConfigurationPlatforms) = postSolution
		{198C3DAB-4D90-4E03-B6BE-06084C0B3168}.Debug|Any CPU.ActiveCfg = Debug|Any CPU
		{198C3DAB-4D90-4E03-B6BE-06084C0B3168}.Debug|Any CPU.Build.0 = Debug|Any CPU
		{198C3DAB-4D90-4E03-B6BE-06084C0B3168}.Release|Any CPU.ActiveCfg = Release|Any CPU
		{198C3DAB-4D90-4E03-B6BE-06084C0B3168}.Release|Any CPU.Build.0 = Release|Any CPU
		{13DEB76C-CBBC-444F-BE19-D744C64B6645}.Debug|Any CPU.ActiveCfg = Debug|Any CPU
		{13DEB76C-CBBC-444F-BE19-D744C64B6645}.Debug|Any CPU.Build.0 = Debug|Any CPU
		{13DEB76C-CBBC-444F-BE19-D744C64B6645}.Release|Any CPU.ActiveCfg = Release|Any CPU
		{13DEB76C-CBBC-444F-BE19-D744C64B6645}.Release|Any CPU.Build.0 = Release|Any CPU
	EndGlobalSection
	GlobalSection(SolutionProperties) = preSolution
		HideSolutionNode = FALSE
	EndGlobalSection
	GlobalSection(ExtensibilityGlobals) = postSolution
		SolutionGuid = {714ED5F8-F62F-48C0-900E-13B16AEF7141}
	EndGlobalSection
EndGlobal
